
Microsoft Visual Studio Solution File, Format Version 12.00
# Visual Studio Version 16
VisualStudioVersion = 16.0.30717.126
MinimumVisualStudioVersion = 10.0.40219.1
Project("{8BC9CEB8-8B4A-11D0-8D11-00A0C91BC942}") = "April", "April.vcxproj", "{C9574BB8-6F33-4D3D-AADC-A4F26CC26193}"
EndProject
Project("{2150E333-8FDC-42A3-9474-1A3956D46DE8}") = "Dependencies", "Dependencies", "{E6721A9A-8841-462D-871D-337FCB3C6565}"
EndProject
Project("{8BC9CEB8-8B4A-11D0-8D11-00A0C91BC942}") = "GWCA", "Dependencies\GWCA\vc\GWCA.vcxproj", "{B3359F05-68CF-4E7F-B9D6-D106F6D48A38}"
EndProject
Project("{8BC9CEB8-8B4A-11D0-8D11-00A0C91BC942}") = "MinHook", "Dependencies\GWCA\vc\MinHook.vcxproj", "{AC820BBA-BB5B-4D8C-96FF-EA8138CEED52}"
EndProject
Global
	GlobalSection(SolutionConfigurationPlatforms) = preSolution
		Debug|x86 = Debug|x86
		Release|x86 = Release|x86
	EndGlobalSection
	GlobalSection(ProjectConfigurationPlatforms) = postSolution
		{C9574BB8-6F33-4D3D-AADC-A4F26CC26193}.Debug|x86.ActiveCfg = Debug|Win32
		{C9574BB8-6F33-4D3D-AADC-A4F26CC26193}.Debug|x86.Build.0 = Debug|Win32
		{C9574BB8-6F33-4D3D-AADC-A4F26CC26193}.Release|x86.ActiveCfg = Release|Win32
		{C9574BB8-6F33-4D3D-AADC-A4F26CC26193}.Release|x86.Build.0 = Release|Win32
		{B3359F05-68CF-4E7F-B9D6-D106F6D48A38}.Debug|x86.ActiveCfg = Debug|Win32
		{B3359F05-68CF-4E7F-B9D6-D106F6D48A38}.Debug|x86.Build.0 = Debug|Win32
		{B3359F05-68CF-4E7F-B9D6-D106F6D48A38}.Release|x86.ActiveCfg = Release|Win32
		{B3359F05-68CF-4E7F-B9D6-D106F6D48A38}.Release|x86.Build.0 = Release|Win32
		{AC820BBA-BB5B-4D8C-96FF-EA8138CEED52}.Debug|x86.ActiveCfg = Debug|Win32
		{AC820BBA-BB5B-4D8C-96FF-EA8138CEED52}.Debug|x86.Build.0 = Debug|Win32
		{AC820BBA-BB5B-4D8C-96FF-EA8138CEED52}.Release|x86.ActiveCfg = Release|Win32
		{AC820BBA-BB5B-4D8C-96FF-EA8138CEED52}.Release|x86.Build.0 = Release|Win32
	EndGlobalSection
	GlobalSection(SolutionProperties) = preSolution
		HideSolutionNode = FALSE
	EndGlobalSection
	GlobalSection(NestedProjects) = preSolution
		{B3359F05-68CF-4E7F-B9D6-D106F6D48A38} = {E6721A9A-8841-462D-871D-337FCB3C6565}
		{AC820BBA-BB5B-4D8C-96FF-EA8138CEED52} = {E6721A9A-8841-462D-871D-337FCB3C6565}
	EndGlobalSection
	GlobalSection(ExtensibilityGlobals) = postSolution
		SolutionGuid = {EB961D3D-BB95-42B6-B959-2DDB95566150}
	EndGlobalSection
EndGlobal
