
Microsoft Visual Studio Solution File, Format Version 12.00
# Visual Studio Version 16
VisualStudioVersion = 16.0.30717.126
MinimumVisualStudioVersion = 10.0.40219.1
Project("{8BC9CEB8-8B4A-11D0-8D11-00A0C91BC942}") = "April", "April.vcxproj", "{C9574BB8-6F33-4D3D-AADC-A4F26CC26193}"
EndProject
Global
	GlobalSection(SolutionConfigurationPlatforms) = preSolution
		Debug|x86 = Debug|x86
		Release|x86 = Release|x86
	EndGlobalSection
	GlobalSection(ProjectConfigurationPlatforms) = postSolution
		{C9574BB8-6F33-4D3D-AADC-A4F26CC26193}.Debug|x86.ActiveCfg = Debug|Win32
		{C9574BB8-6F33-4D3D-AADC-A4F26CC26193}.Debug|x86.Build.0 = Debug|Win32
		{C9574BB8-6F33-4D3D-AADC-A4F26CC26193}.Release|x86.ActiveCfg = Release|Win32
		{C9574BB8-6F33-4D3D-AADC-A4F26CC26193}.Release|x86.Build.0 = Release|Win32
	EndGlobalSection
	GlobalSection(SolutionProperties) = preSolution
		HideSolutionNode = FALSE
	EndGlobalSection
	GlobalSection(ExtensibilityGlobals) = postSolution
		SolutionGuid = {EB961D3D-BB95-42B6-B959-2DDB95566150}
	EndGlobalSection
EndGlobal
